
Microsoft Visual Studio Solution File, Format Version 12.00
# Visual Studio 15
VisualStudioVersion = 15.0.27130.2003
MinimumVisualStudioVersion = 10.0.40219.1
Project("{9A19103F-16F7-4668-BE54-9A1E7A4F7556}") = "ActivityTracker", "ActivityTracker\ActivityTracker.csproj", "{AC41C065-B0B9-48E5-94A9-0CD5FEBEC315}"
EndProject
Global
	GlobalSection(SolutionConfigurationPlatforms) = preSolution
		Debug|Any CPU = Debug|Any CPU
		Release|Any CPU = Release|Any CPU
	EndGlobalSection
	GlobalSection(ProjectConfigurationPlatforms) = postSolution
		{AC41C065-B0B9-48E5-94A9-0CD5FEBEC315}.Debug|Any CPU.ActiveCfg = Debug|Any CPU
		{AC41C065-B0B9-48E5-94A9-0CD5FEBEC315}.Debug|Any CPU.Build.0 = Debug|Any CPU
		{AC41C065-B0B9-48E5-94A9-0CD5FEBEC315}.Release|Any CPU.ActiveCfg = Release|Any CPU
		{AC41C065-B0B9-48E5-94A9-0CD5FEBEC315}.Release|Any CPU.Build.0 = Release|Any CPU
	EndGlobalSection
	GlobalSection(SolutionProperties) = preSolution
		HideSolutionNode = FALSE
	EndGlobalSection
	GlobalSection(ExtensibilityGlobals) = postSolution
		SolutionGuid = {886E48C6-056D-407B-8261-15BA4F4D114D}
	EndGlobalSection
EndGlobal
